// !$*UTF8*$!
{
	archiveVersion = 1;
	classes = {
	};
	objectVersion = 55;
	objects = {

/* Begin PBXBuildFile section */
		72070E1E2808074600D9F345 /* AppDelegate.swift in Sources */ = {isa = PBXBuildFile; fileRef = 72070E1D2808074600D9F345 /* AppDelegate.swift */; };
		72070E202808074600D9F345 /* SceneDelegate.swift in Sources */ = {isa = PBXBuildFile; fileRef = 72070E1F2808074600D9F345 /* SceneDelegate.swift */; };
		72070E222808074600D9F345 /* MainViewController.swift in Sources */ = {isa = PBXBuildFile; fileRef = 72070E212808074600D9F345 /* MainViewController.swift */; };
		72070E252808074600D9F345 /* Main.storyboard in Resources */ = {isa = PBXBuildFile; fileRef = 72070E232808074600D9F345 /* Main.storyboard */; };
		72070E272808074700D9F345 /* Assets.xcassets in Resources */ = {isa = PBXBuildFile; fileRef = 72070E262808074700D9F345 /* Assets.xcassets */; };
		72070E2A2808074700D9F345 /* LaunchScreen.storyboard in Resources */ = {isa = PBXBuildFile; fileRef = 72070E282808074700D9F345 /* LaunchScreen.storyboard */; };
		72070E352808074800D9F345 /* NewsAppTests.swift in Sources */ = {isa = PBXBuildFile; fileRef = 72070E342808074800D9F345 /* NewsAppTests.swift */; };
		72070E3F2808074800D9F345 /* NewsAppUITests.swift in Sources */ = {isa = PBXBuildFile; fileRef = 72070E3E2808074800D9F345 /* NewsAppUITests.swift */; };
		72070E412808074800D9F345 /* NewsAppUITestsLaunchTests.swift in Sources */ = {isa = PBXBuildFile; fileRef = 72070E402808074800D9F345 /* NewsAppUITestsLaunchTests.swift */; };
		72070E5328080BF000D9F345 /* Requstable.swift in Sources */ = {isa = PBXBuildFile; fileRef = 72070E5228080BF000D9F345 /* Requstable.swift */; };
		72070E5528080D4C00D9F345 /* Network.swift in Sources */ = {isa = PBXBuildFile; fileRef = 72070E5428080D4C00D9F345 /* Network.swift */; };
		72070E582808100100D9F345 /* Constants.swift in Sources */ = {isa = PBXBuildFile; fileRef = 72070E572808100100D9F345 /* Constants.swift */; };
		72070E5A280814F700D9F345 /* NewsRequest.swift in Sources */ = {isa = PBXBuildFile; fileRef = 72070E59280814F700D9F345 /* NewsRequest.swift */; };
		72070E5C2808151900D9F345 /* News.swift in Sources */ = {isa = PBXBuildFile; fileRef = 72070E5B2808151900D9F345 /* News.swift */; };
		72070E5E28081BC500D9F345 /* MainViewModel.swift in Sources */ = {isa = PBXBuildFile; fileRef = 72070E5D28081BC500D9F345 /* MainViewModel.swift */; };
		72070E6128081DF500D9F345 /* DetailsViewController.swift in Sources */ = {isa = PBXBuildFile; fileRef = 72070E6028081DF500D9F345 /* DetailsViewController.swift */; };
		7252BED12809E7CA00B02543 /* NewsCoordinator.swift in Sources */ = {isa = PBXBuildFile; fileRef = 7252BED02809E7CA00B02543 /* NewsCoordinator.swift */; };
		7252BED42809ED0200B02543 /* NewsDetailCoordinator.swift in Sources */ = {isa = PBXBuildFile; fileRef = 7252BED32809ED0200B02543 /* NewsDetailCoordinator.swift */; };
		72F47D8E2809C6B2004E50A6 /* DetailsViewModel.swift in Sources */ = {isa = PBXBuildFile; fileRef = 72F47D8D2809C6B2004E50A6 /* DetailsViewModel.swift */; };
		72F47D902809C6F7004E50A6 /* NewsDetailsRequest.swift in Sources */ = {isa = PBXBuildFile; fileRef = 72F47D8F2809C6F7004E50A6 /* NewsDetailsRequest.swift */; };
		72F47D932809CD35004E50A6 /* Coordinator.swift in Sources */ = {isa = PBXBuildFile; fileRef = 72F47D922809CD35004E50A6 /* Coordinator.swift */; };
		72F47D952809CD55004E50A6 /* AppCoordinator.swift in Sources */ = {isa = PBXBuildFile; fileRef = 72F47D942809CD55004E50A6 /* AppCoordinator.swift */; };
		72F47D972809CE21004E50A6 /* Storyboarded.swift in Sources */ = {isa = PBXBuildFile; fileRef = 72F47D962809CE21004E50A6 /* Storyboarded.swift */; };
/* End PBXBuildFile section */

/* Begin PBXContainerItemProxy section */
		72070E312808074800D9F345 /* PBXContainerItemProxy */ = {
			isa = PBXContainerItemProxy;
			containerPortal = 72070E122808074600D9F345 /* Project object */;
			proxyType = 1;
			remoteGlobalIDString = 72070E192808074600D9F345;
			remoteInfo = NewsApp;
		};
		72070E3B2808074800D9F345 /* PBXContainerItemProxy */ = {
			isa = PBXContainerItemProxy;
			containerPortal = 72070E122808074600D9F345 /* Project object */;
			proxyType = 1;
			remoteGlobalIDString = 72070E192808074600D9F345;
			remoteInfo = NewsApp;
		};
/* End PBXContainerItemProxy section */

/* Begin PBXFileReference section */
		72070E1A2808074600D9F345 /* NewsApp.app */ = {isa = PBXFileReference; explicitFileType = wrapper.application; includeInIndex = 0; path = NewsApp.app; sourceTree = BUILT_PRODUCTS_DIR; };
		72070E1D2808074600D9F345 /* AppDelegate.swift */ = {isa = PBXFileReference; lastKnownFileType = sourcecode.swift; path = AppDelegate.swift; sourceTree = "<group>"; };
		72070E1F2808074600D9F345 /* SceneDelegate.swift */ = {isa = PBXFileReference; lastKnownFileType = sourcecode.swift; path = SceneDelegate.swift; sourceTree = "<group>"; };
		72070E212808074600D9F345 /* MainViewController.swift */ = {isa = PBXFileReference; lastKnownFileType = sourcecode.swift; path = MainViewController.swift; sourceTree = "<group>"; };
		72070E242808074600D9F345 /* Base */ = {isa = PBXFileReference; lastKnownFileType = file.storyboard; name = Base; path = Base.lproj/Main.storyboard; sourceTree = "<group>"; };
		72070E262808074700D9F345 /* Assets.xcassets */ = {isa = PBXFileReference; lastKnownFileType = folder.assetcatalog; path = Assets.xcassets; sourceTree = "<group>"; };
		72070E292808074700D9F345 /* Base */ = {isa = PBXFileReference; lastKnownFileType = file.storyboard; name = Base; path = Base.lproj/LaunchScreen.storyboard; sourceTree = "<group>"; };
		72070E2B2808074700D9F345 /* Info.plist */ = {isa = PBXFileReference; lastKnownFileType = text.plist.xml; path = Info.plist; sourceTree = "<group>"; };
		72070E302808074800D9F345 /* NewsAppTests.xctest */ = {isa = PBXFileReference; explicitFileType = wrapper.cfbundle; includeInIndex = 0; path = NewsAppTests.xctest; sourceTree = BUILT_PRODUCTS_DIR; };
		72070E342808074800D9F345 /* NewsAppTests.swift */ = {isa = PBXFileReference; lastKnownFileType = sourcecode.swift; path = NewsAppTests.swift; sourceTree = "<group>"; };
		72070E3A2808074800D9F345 /* NewsAppUITests.xctest */ = {isa = PBXFileReference; explicitFileType = wrapper.cfbundle; includeInIndex = 0; path = NewsAppUITests.xctest; sourceTree = BUILT_PRODUCTS_DIR; };
		72070E3E2808074800D9F345 /* NewsAppUITests.swift */ = {isa = PBXFileReference; lastKnownFileType = sourcecode.swift; path = NewsAppUITests.swift; sourceTree = "<group>"; };
		72070E402808074800D9F345 /* NewsAppUITestsLaunchTests.swift */ = {isa = PBXFileReference; lastKnownFileType = sourcecode.swift; path = NewsAppUITestsLaunchTests.swift; sourceTree = "<group>"; };
		72070E5228080BF000D9F345 /* Requstable.swift */ = {isa = PBXFileReference; lastKnownFileType = sourcecode.swift; path = Requstable.swift; sourceTree = "<group>"; };
		72070E5428080D4C00D9F345 /* Network.swift */ = {isa = PBXFileReference; lastKnownFileType = sourcecode.swift; path = Network.swift; sourceTree = "<group>"; };
		72070E572808100100D9F345 /* Constants.swift */ = {isa = PBXFileReference; lastKnownFileType = sourcecode.swift; path = Constants.swift; sourceTree = "<group>"; };
		72070E59280814F700D9F345 /* NewsRequest.swift */ = {isa = PBXFileReference; lastKnownFileType = sourcecode.swift; path = NewsRequest.swift; sourceTree = "<group>"; };
		72070E5B2808151900D9F345 /* News.swift */ = {isa = PBXFileReference; lastKnownFileType = sourcecode.swift; path = News.swift; sourceTree = "<group>"; };
		72070E5D28081BC500D9F345 /* MainViewModel.swift */ = {isa = PBXFileReference; lastKnownFileType = sourcecode.swift; path = MainViewModel.swift; sourceTree = "<group>"; };
		72070E6028081DF500D9F345 /* DetailsViewController.swift */ = {isa = PBXFileReference; lastKnownFileType = sourcecode.swift; path = DetailsViewController.swift; sourceTree = "<group>"; };
		7252BED02809E7CA00B02543 /* NewsCoordinator.swift */ = {isa = PBXFileReference; lastKnownFileType = sourcecode.swift; path = NewsCoordinator.swift; sourceTree = "<group>"; };
		7252BED32809ED0200B02543 /* NewsDetailCoordinator.swift */ = {isa = PBXFileReference; lastKnownFileType = sourcecode.swift; path = NewsDetailCoordinator.swift; sourceTree = "<group>"; };
		72F47D8D2809C6B2004E50A6 /* DetailsViewModel.swift */ = {isa = PBXFileReference; lastKnownFileType = sourcecode.swift; path = DetailsViewModel.swift; sourceTree = "<group>"; };
		72F47D8F2809C6F7004E50A6 /* NewsDetailsRequest.swift */ = {isa = PBXFileReference; lastKnownFileType = sourcecode.swift; path = NewsDetailsRequest.swift; sourceTree = "<group>"; };
		72F47D922809CD35004E50A6 /* Coordinator.swift */ = {isa = PBXFileReference; lastKnownFileType = sourcecode.swift; path = Coordinator.swift; sourceTree = "<group>"; };
		72F47D942809CD55004E50A6 /* AppCoordinator.swift */ = {isa = PBXFileReference; lastKnownFileType = sourcecode.swift; path = AppCoordinator.swift; sourceTree = "<group>"; };
		72F47D962809CE21004E50A6 /* Storyboarded.swift */ = {isa = PBXFileReference; lastKnownFileType = sourcecode.swift; path = Storyboarded.swift; sourceTree = "<group>"; };
/* End PBXFileReference section */

/* Begin PBXFrameworksBuildPhase section */
		72070E172808074600D9F345 /* Frameworks */ = {
			isa = PBXFrameworksBuildPhase;
			buildActionMask = 2147483647;
			files = (
			);
			runOnlyForDeploymentPostprocessing = 0;
		};
		72070E2D2808074800D9F345 /* Frameworks */ = {
			isa = PBXFrameworksBuildPhase;
			buildActionMask = 2147483647;
			files = (
			);
			runOnlyForDeploymentPostprocessing = 0;
		};
		72070E372808074800D9F345 /* Frameworks */ = {
			isa = PBXFrameworksBuildPhase;
			buildActionMask = 2147483647;
			files = (
			);
			runOnlyForDeploymentPostprocessing = 0;
		};
/* End PBXFrameworksBuildPhase section */

/* Begin PBXGroup section */
		72070E112808074600D9F345 = {
			isa = PBXGroup;
			children = (
				72070E1C2808074600D9F345 /* NewsApp */,
				72070E332808074800D9F345 /* NewsAppTests */,
				72070E3D2808074800D9F345 /* NewsAppUITests */,
				72070E1B2808074600D9F345 /* Products */,
			);
			sourceTree = "<group>";
		};
		72070E1B2808074600D9F345 /* Products */ = {
			isa = PBXGroup;
			children = (
				72070E1A2808074600D9F345 /* NewsApp.app */,
				72070E302808074800D9F345 /* NewsAppTests.xctest */,
				72070E3A2808074800D9F345 /* NewsAppUITests.xctest */,
			);
			name = Products;
			sourceTree = "<group>";
		};
		72070E1C2808074600D9F345 /* NewsApp */ = {
			isa = PBXGroup;
			children = (
				72F47D912809CD19004E50A6 /* Coordinator */,
				72070E5628080FEE00D9F345 /* Utils */,
				72070E51280809C300D9F345 /* Project Files */,
				72070E502808099800D9F345 /* Network */,
				72070E4F2808099100D9F345 /* Views */,
				72070E4E2808098C00D9F345 /* Model */,
				72070E4D2808098300D9F345 /* ViewModel */,
				72070E1F2808074600D9F345 /* SceneDelegate.swift */,
				72070E2B2808074700D9F345 /* Info.plist */,
			);
			path = NewsApp;
			sourceTree = "<group>";
		};
		72070E332808074800D9F345 /* NewsAppTests */ = {
			isa = PBXGroup;
			children = (
				72070E342808074800D9F345 /* NewsAppTests.swift */,
			);
			path = NewsAppTests;
			sourceTree = "<group>";
		};
		72070E3D2808074800D9F345 /* NewsAppUITests */ = {
			isa = PBXGroup;
			children = (
				72070E3E2808074800D9F345 /* NewsAppUITests.swift */,
				72070E402808074800D9F345 /* NewsAppUITestsLaunchTests.swift */,
			);
			path = NewsAppUITests;
			sourceTree = "<group>";
		};
		72070E4D2808098300D9F345 /* ViewModel */ = {
			isa = PBXGroup;
			children = (
				72070E5D28081BC500D9F345 /* MainViewModel.swift */,
				72F47D8D2809C6B2004E50A6 /* DetailsViewModel.swift */,
			);
			path = ViewModel;
			sourceTree = "<group>";
		};
		72070E4E2808098C00D9F345 /* Model */ = {
			isa = PBXGroup;
			children = (
				72070E59280814F700D9F345 /* NewsRequest.swift */,
				72F47D8F2809C6F7004E50A6 /* NewsDetailsRequest.swift */,
				72070E5B2808151900D9F345 /* News.swift */,
			);
			path = Model;
			sourceTree = "<group>";
		};
		72070E4F2808099100D9F345 /* Views */ = {
			isa = PBXGroup;
			children = (
				72F47D982809CE98004E50A6 /* NewsView */,
				72070E5F28081DE100D9F345 /* Details */,
				72070E232808074600D9F345 /* Main.storyboard */,
			);
			path = Views;
			sourceTree = "<group>";
		};
		72070E502808099800D9F345 /* Network */ = {
			isa = PBXGroup;
			children = (
				72070E5228080BF000D9F345 /* Requstable.swift */,
				72070E5428080D4C00D9F345 /* Network.swift */,
			);
			path = Network;
			sourceTree = "<group>";
		};
		72070E51280809C300D9F345 /* Project Files */ = {
			isa = PBXGroup;
			children = (
				72070E262808074700D9F345 /* Assets.xcassets */,
				72070E1D2808074600D9F345 /* AppDelegate.swift */,
				72070E282808074700D9F345 /* LaunchScreen.storyboard */,
			);
			path = "Project Files";
			sourceTree = "<group>";
		};
		72070E5628080FEE00D9F345 /* Utils */ = {
			isa = PBXGroup;
			children = (
				72070E572808100100D9F345 /* Constants.swift */,
				72F47D962809CE21004E50A6 /* Storyboarded.swift */,
			);
			path = Utils;
			sourceTree = "<group>";
		};
		72070E5F28081DE100D9F345 /* Details */ = {
			isa = PBXGroup;
			children = (
				7252BED22809ECF200B02543 /* Coordinator */,
				72070E6028081DF500D9F345 /* DetailsViewController.swift */,
			);
			path = Details;
			sourceTree = "<group>";
		};
		7252BECF2809E7B200B02543 /* Coordinator */ = {
			isa = PBXGroup;
			children = (
				7252BED02809E7CA00B02543 /* NewsCoordinator.swift */,
			);
			path = Coordinator;
			sourceTree = "<group>";
		};
		7252BED22809ECF200B02543 /* Coordinator */ = {
			isa = PBXGroup;
			children = (
				7252BED32809ED0200B02543 /* NewsDetailCoordinator.swift */,
			);
			path = Coordinator;
			sourceTree = "<group>";
		};
		72F47D912809CD19004E50A6 /* Coordinator */ = {
			isa = PBXGroup;
			children = (
				72F47D922809CD35004E50A6 /* Coordinator.swift */,
				72F47D942809CD55004E50A6 /* AppCoordinator.swift */,
			);
			path = Coordinator;
			sourceTree = "<group>";
		};
		72F47D982809CE98004E50A6 /* NewsView */ = {
			isa = PBXGroup;
			children = (
				7252BECF2809E7B200B02543 /* Coordinator */,
				72070E212808074600D9F345 /* MainViewController.swift */,
			);
			path = NewsView;
			sourceTree = "<group>";
		};
/* End PBXGroup section */

/* Begin PBXNativeTarget section */
		72070E192808074600D9F345 /* NewsApp */ = {
			isa = PBXNativeTarget;
			buildConfigurationList = 72070E442808074800D9F345 /* Build configuration list for PBXNativeTarget "NewsApp" */;
			buildPhases = (
				72070E162808074600D9F345 /* Sources */,
				72070E172808074600D9F345 /* Frameworks */,
				72070E182808074600D9F345 /* Resources */,
			);
			buildRules = (
			);
			dependencies = (
			);
			name = NewsApp;
			productName = NewsApp;
			productReference = 72070E1A2808074600D9F345 /* NewsApp.app */;
			productType = "com.apple.product-type.application";
		};
		72070E2F2808074800D9F345 /* NewsAppTests */ = {
			isa = PBXNativeTarget;
			buildConfigurationList = 72070E472808074800D9F345 /* Build configuration list for PBXNativeTarget "NewsAppTests" */;
			buildPhases = (
				72070E2C2808074800D9F345 /* Sources */,
				72070E2D2808074800D9F345 /* Frameworks */,
				72070E2E2808074800D9F345 /* Resources */,
			);
			buildRules = (
			);
			dependencies = (
				72070E322808074800D9F345 /* PBXTargetDependency */,
			);
			name = NewsAppTests;
			productName = NewsAppTests;
			productReference = 72070E302808074800D9F345 /* NewsAppTests.xctest */;
			productType = "com.apple.product-type.bundle.unit-test";
		};
		72070E392808074800D9F345 /* NewsAppUITests */ = {
			isa = PBXNativeTarget;
			buildConfigurationList = 72070E4A2808074800D9F345 /* Build configuration list for PBXNativeTarget "NewsAppUITests" */;
			buildPhases = (
				72070E362808074800D9F345 /* Sources */,
				72070E372808074800D9F345 /* Frameworks */,
				72070E382808074800D9F345 /* Resources */,
			);
			buildRules = (
			);
			dependencies = (
				72070E3C2808074800D9F345 /* PBXTargetDependency */,
			);
			name = NewsAppUITests;
			productName = NewsAppUITests;
			productReference = 72070E3A2808074800D9F345 /* NewsAppUITests.xctest */;
			productType = "com.apple.product-type.bundle.ui-testing";
		};
/* End PBXNativeTarget section */

/* Begin PBXProject section */
		72070E122808074600D9F345 /* Project object */ = {
			isa = PBXProject;
			attributes = {
				BuildIndependentTargetsInParallel = 1;
				LastSwiftUpdateCheck = 1320;
				LastUpgradeCheck = 1320;
				TargetAttributes = {
					72070E192808074600D9F345 = {
						CreatedOnToolsVersion = 13.2;
					};
					72070E2F2808074800D9F345 = {
						CreatedOnToolsVersion = 13.2;
						TestTargetID = 72070E192808074600D9F345;
					};
					72070E392808074800D9F345 = {
						CreatedOnToolsVersion = 13.2;
						TestTargetID = 72070E192808074600D9F345;
					};
				};
			};
			buildConfigurationList = 72070E152808074600D9F345 /* Build configuration list for PBXProject "NewsApp" */;
			compatibilityVersion = "Xcode 13.0";
			developmentRegion = en;
			hasScannedForEncodings = 0;
			knownRegions = (
				en,
				Base,
			);
			mainGroup = 72070E112808074600D9F345;
			productRefGroup = 72070E1B2808074600D9F345 /* Products */;
			projectDirPath = "";
			projectRoot = "";
			targets = (
				72070E192808074600D9F345 /* NewsApp */,
				72070E2F2808074800D9F345 /* NewsAppTests */,
				72070E392808074800D9F345 /* NewsAppUITests */,
			);
		};
/* End PBXProject section */

/* Begin PBXResourcesBuildPhase section */
		72070E182808074600D9F345 /* Resources */ = {
			isa = PBXResourcesBuildPhase;
			buildActionMask = 2147483647;
			files = (
				72070E2A2808074700D9F345 /* LaunchScreen.storyboard in Resources */,
				72070E272808074700D9F345 /* Assets.xcassets in Resources */,
				72070E252808074600D9F345 /* Main.storyboard in Resources */,
			);
			runOnlyForDeploymentPostprocessing = 0;
		};
		72070E2E2808074800D9F345 /* Resources */ = {
			isa = PBXResourcesBuildPhase;
			buildActionMask = 2147483647;
			files = (
			);
			runOnlyForDeploymentPostprocessing = 0;
		};
		72070E382808074800D9F345 /* Resources */ = {
			isa = PBXResourcesBuildPhase;
			buildActionMask = 2147483647;
			files = (
			);
			runOnlyForDeploymentPostprocessing = 0;
		};
/* End PBXResourcesBuildPhase section */

/* Begin PBXSourcesBuildPhase section */
		72070E162808074600D9F345 /* Sources */ = {
			isa = PBXSourcesBuildPhase;
			buildActionMask = 2147483647;
			files = (
				72070E5528080D4C00D9F345 /* Network.swift in Sources */,
				7252BED12809E7CA00B02543 /* NewsCoordinator.swift in Sources */,
				72070E222808074600D9F345 /* MainViewController.swift in Sources */,
				72F47D972809CE21004E50A6 /* Storyboarded.swift in Sources */,
				72F47D932809CD35004E50A6 /* Coordinator.swift in Sources */,
				72070E5C2808151900D9F345 /* News.swift in Sources */,
				72070E5A280814F700D9F345 /* NewsRequest.swift in Sources */,
				72070E1E2808074600D9F345 /* AppDelegate.swift in Sources */,
				72F47D952809CD55004E50A6 /* AppCoordinator.swift in Sources */,
				72070E202808074600D9F345 /* SceneDelegate.swift in Sources */,
				72070E5328080BF000D9F345 /* Requstable.swift in Sources */,
				72F47D8E2809C6B2004E50A6 /* DetailsViewModel.swift in Sources */,
				72070E582808100100D9F345 /* Constants.swift in Sources */,
				72070E5E28081BC500D9F345 /* MainViewModel.swift in Sources */,
				72070E6128081DF500D9F345 /* DetailsViewController.swift in Sources */,
				7252BED42809ED0200B02543 /* NewsDetailCoordinator.swift in Sources */,
				72F47D902809C6F7004E50A6 /* NewsDetailsRequest.swift in Sources */,
			);
			runOnlyForDeploymentPostprocessing = 0;
		};
		72070E2C2808074800D9F345 /* Sources */ = {
			isa = PBXSourcesBuildPhase;
			buildActionMask = 2147483647;
			files = (
				72070E352808074800D9F345 /* NewsAppTests.swift in Sources */,
			);
			runOnlyForDeploymentPostprocessing = 0;
		};
		72070E362808074800D9F345 /* Sources */ = {
			isa = PBXSourcesBuildPhase;
			buildActionMask = 2147483647;
			files = (
				72070E3F2808074800D9F345 /* NewsAppUITests.swift in Sources */,
				72070E412808074800D9F345 /* NewsAppUITestsLaunchTests.swift in Sources */,
			);
			runOnlyForDeploymentPostprocessing = 0;
		};
/* End PBXSourcesBuildPhase section */

/* Begin PBXTargetDependency section */
		72070E322808074800D9F345 /* PBXTargetDependency */ = {
			isa = PBXTargetDependency;
			target = 72070E192808074600D9F345 /* NewsApp */;
			targetProxy = 72070E312808074800D9F345 /* PBXContainerItemProxy */;
		};
		72070E3C2808074800D9F345 /* PBXTargetDependency */ = {
			isa = PBXTargetDependency;
			target = 72070E192808074600D9F345 /* NewsApp */;
			targetProxy = 72070E3B2808074800D9F345 /* PBXContainerItemProxy */;
		};
/* End PBXTargetDependency section */

/* Begin PBXVariantGroup section */
		72070E232808074600D9F345 /* Main.storyboard */ = {
			isa = PBXVariantGroup;
			children = (
				72070E242808074600D9F345 /* Base */,
			);
			name = Main.storyboard;
			sourceTree = "<group>";
		};
		72070E282808074700D9F345 /* LaunchScreen.storyboard */ = {
			isa = PBXVariantGroup;
			children = (
				72070E292808074700D9F345 /* Base */,
			);
			name = LaunchScreen.storyboard;
			sourceTree = "<group>";
		};
/* End PBXVariantGroup section */

/* Begin XCBuildConfiguration section */
		72070E422808074800D9F345 /* Debug */ = {
			isa = XCBuildConfiguration;
			buildSettings = {
				ALWAYS_SEARCH_USER_PATHS = NO;
				CLANG_ANALYZER_NONNULL = YES;
				CLANG_ANALYZER_NUMBER_OBJECT_CONVERSION = YES_AGGRESSIVE;
				CLANG_CXX_LANGUAGE_STANDARD = "gnu++17";
				CLANG_CXX_LIBRARY = "libc++";
				CLANG_ENABLE_MODULES = YES;
				CLANG_ENABLE_OBJC_ARC = YES;
				CLANG_ENABLE_OBJC_WEAK = YES;
				CLANG_WARN_BLOCK_CAPTURE_AUTORELEASING = YES;
				CLANG_WARN_BOOL_CONVERSION = YES;
				CLANG_WARN_COMMA = YES;
				CLANG_WARN_CONSTANT_CONVERSION = YES;
				CLANG_WARN_DEPRECATED_OBJC_IMPLEMENTATIONS = YES;
				CLANG_WARN_DIRECT_OBJC_ISA_USAGE = YES_ERROR;
				CLANG_WARN_DOCUMENTATION_COMMENTS = YES;
				CLANG_WARN_EMPTY_BODY = YES;
				CLANG_WARN_ENUM_CONVERSION = YES;
				CLANG_WARN_INFINITE_RECURSION = YES;
				CLANG_WARN_INT_CONVERSION = YES;
				CLANG_WARN_NON_LITERAL_NULL_CONVERSION = YES;
				CLANG_WARN_OBJC_IMPLICIT_RETAIN_SELF = YES;
				CLANG_WARN_OBJC_LITERAL_CONVERSION = YES;
				CLANG_WARN_OBJC_ROOT_CLASS = YES_ERROR;
				CLANG_WARN_QUOTED_INCLUDE_IN_FRAMEWORK_HEADER = YES;
				CLANG_WARN_RANGE_LOOP_ANALYSIS = YES;
				CLANG_WARN_STRICT_PROTOTYPES = YES;
				CLANG_WARN_SUSPICIOUS_MOVE = YES;
				CLANG_WARN_UNGUARDED_AVAILABILITY = YES_AGGRESSIVE;
				CLANG_WARN_UNREACHABLE_CODE = YES;
				CLANG_WARN__DUPLICATE_METHOD_MATCH = YES;
				COPY_PHASE_STRIP = NO;
				DEBUG_INFORMATION_FORMAT = dwarf;
				ENABLE_STRICT_OBJC_MSGSEND = YES;
				ENABLE_TESTABILITY = YES;
				GCC_C_LANGUAGE_STANDARD = gnu11;
				GCC_DYNAMIC_NO_PIC = NO;
				GCC_NO_COMMON_BLOCKS = YES;
				GCC_OPTIMIZATION_LEVEL = 0;
				GCC_PREPROCESSOR_DEFINITIONS = (
					"DEBUG=1",
					"$(inherited)",
				);
				GCC_WARN_64_TO_32_BIT_CONVERSION = YES;
				GCC_WARN_ABOUT_RETURN_TYPE = YES_ERROR;
				GCC_WARN_UNDECLARED_SELECTOR = YES;
				GCC_WARN_UNINITIALIZED_AUTOS = YES_AGGRESSIVE;
				GCC_WARN_UNUSED_FUNCTION = YES;
				GCC_WARN_UNUSED_VARIABLE = YES;
				IPHONEOS_DEPLOYMENT_TARGET = 15.2;
				MTL_ENABLE_DEBUG_INFO = INCLUDE_SOURCE;
				MTL_FAST_MATH = YES;
				ONLY_ACTIVE_ARCH = YES;
				SDKROOT = iphoneos;
				SWIFT_ACTIVE_COMPILATION_CONDITIONS = DEBUG;
				SWIFT_OPTIMIZATION_LEVEL = "-Onone";
			};
			name = Debug;
		};
		72070E432808074800D9F345 /* Release */ = {
			isa = XCBuildConfiguration;
			buildSettings = {
				ALWAYS_SEARCH_USER_PATHS = NO;
				CLANG_ANALYZER_NONNULL = YES;
				CLANG_ANALYZER_NUMBER_OBJECT_CONVERSION = YES_AGGRESSIVE;
				CLANG_CXX_LANGUAGE_STANDARD = "gnu++17";
				CLANG_CXX_LIBRARY = "libc++";
				CLANG_ENABLE_MODULES = YES;
				CLANG_ENABLE_OBJC_ARC = YES;
				CLANG_ENABLE_OBJC_WEAK = YES;
				CLANG_WARN_BLOCK_CAPTURE_AUTORELEASING = YES;
				CLANG_WARN_BOOL_CONVERSION = YES;
				CLANG_WARN_COMMA = YES;
				CLANG_WARN_CONSTANT_CONVERSION = YES;
				CLANG_WARN_DEPRECATED_OBJC_IMPLEMENTATIONS = YES;
				CLANG_WARN_DIRECT_OBJC_ISA_USAGE = YES_ERROR;
				CLANG_WARN_DOCUMENTATION_COMMENTS = YES;
				CLANG_WARN_EMPTY_BODY = YES;
				CLANG_WARN_ENUM_CONVERSION = YES;
				CLANG_WARN_INFINITE_RECURSION = YES;
				CLANG_WARN_INT_CONVERSION = YES;
				CLANG_WARN_NON_LITERAL_NULL_CONVERSION = YES;
				CLANG_WARN_OBJC_IMPLICIT_RETAIN_SELF = YES;
				CLANG_WARN_OBJC_LITERAL_CONVERSION = YES;
				CLANG_WARN_OBJC_ROOT_CLASS = YES_ERROR;
				CLANG_WARN_QUOTED_INCLUDE_IN_FRAMEWORK_HEADER = YES;
				CLANG_WARN_RANGE_LOOP_ANALYSIS = YES;
				CLANG_WARN_STRICT_PROTOTYPES = YES;
				CLANG_WARN_SUSPICIOUS_MOVE = YES;
				CLANG_WARN_UNGUARDED_AVAILABILITY = YES_AGGRESSIVE;
				CLANG_WARN_UNREACHABLE_CODE = YES;
				CLANG_WARN__DUPLICATE_METHOD_MATCH = YES;
				COPY_PHASE_STRIP = NO;
				DEBUG_INFORMATION_FORMAT = "dwarf-with-dsym";
				ENABLE_NS_ASSERTIONS = NO;
				ENABLE_STRICT_OBJC_MSGSEND = YES;
				GCC_C_LANGUAGE_STANDARD = gnu11;
				GCC_NO_COMMON_BLOCKS = YES;
				GCC_WARN_64_TO_32_BIT_CONVERSION = YES;
				GCC_WARN_ABOUT_RETURN_TYPE = YES_ERROR;
				GCC_WARN_UNDECLARED_SELECTOR = YES;
				GCC_WARN_UNINITIALIZED_AUTOS = YES_AGGRESSIVE;
				GCC_WARN_UNUSED_FUNCTION = YES;
				GCC_WARN_UNUSED_VARIABLE = YES;
				IPHONEOS_DEPLOYMENT_TARGET = 15.2;
				MTL_ENABLE_DEBUG_INFO = NO;
				MTL_FAST_MATH = YES;
				SDKROOT = iphoneos;
				SWIFT_COMPILATION_MODE = wholemodule;
				SWIFT_OPTIMIZATION_LEVEL = "-O";
				VALIDATE_PRODUCT = YES;
			};
			name = Release;
		};
		72070E452808074800D9F345 /* Debug */ = {
			isa = XCBuildConfiguration;
			buildSettings = {
				ASSETCATALOG_COMPILER_APPICON_NAME = AppIcon;
				ASSETCATALOG_COMPILER_GLOBAL_ACCENT_COLOR_NAME = AccentColor;
				CODE_SIGN_STYLE = Automatic;
				CURRENT_PROJECT_VERSION = 1;
				DEVELOPMENT_TEAM = 3A83C749KK;
				GENERATE_INFOPLIST_FILE = YES;
				INFOPLIST_FILE = NewsApp/Info.plist;
				INFOPLIST_KEY_UIApplicationSupportsIndirectInputEvents = YES;
				INFOPLIST_KEY_UILaunchStoryboardName = LaunchScreen;
				INFOPLIST_KEY_UISupportedInterfaceOrientations_iPad = "UIInterfaceOrientationPortrait UIInterfaceOrientationPortraitUpsideDown UIInterfaceOrientationLandscapeLeft UIInterfaceOrientationLandscapeRight";
				INFOPLIST_KEY_UISupportedInterfaceOrientations_iPhone = "UIInterfaceOrientationPortrait UIInterfaceOrientationLandscapeLeft UIInterfaceOrientationLandscapeRight";
				LD_RUNPATH_SEARCH_PATHS = (
					"$(inherited)",
					"@executable_path/Frameworks",
				);
				MARKETING_VERSION = 1.0;
				PRODUCT_BUNDLE_IDENTIFIER = com.morteza.NewsApp;
				PRODUCT_NAME = "$(TARGET_NAME)";
				SWIFT_EMIT_LOC_STRINGS = YES;
				SWIFT_VERSION = 5.0;
				TARGETED_DEVICE_FAMILY = "1,2";
			};
			name = Debug;
		};
		72070E462808074800D9F345 /* Release */ = {
			isa = XCBuildConfiguration;
			buildSettings = {
				ASSETCATALOG_COMPILER_APPICON_NAME = AppIcon;
				ASSETCATALOG_COMPILER_GLOBAL_ACCENT_COLOR_NAME = AccentColor;
				CODE_SIGN_STYLE = Automatic;
				CURRENT_PROJECT_VERSION = 1;
				DEVELOPMENT_TEAM = 3A83C749KK;
				GENERATE_INFOPLIST_FILE = YES;
				INFOPLIST_FILE = NewsApp/Info.plist;
				INFOPLIST_KEY_UIApplicationSupportsIndirectInputEvents = YES;
				INFOPLIST_KEY_UILaunchStoryboardName = LaunchScreen;
				INFOPLIST_KEY_UISupportedInterfaceOrientations_iPad = "UIInterfaceOrientationPortrait UIInterfaceOrientationPortraitUpsideDown UIInterfaceOrientationLandscapeLeft UIInterfaceOrientationLandscapeRight";
				INFOPLIST_KEY_UISupportedInterfaceOrientations_iPhone = "UIInterfaceOrientationPortrait UIInterfaceOrientationLandscapeLeft UIInterfaceOrientationLandscapeRight";
				LD_RUNPATH_SEARCH_PATHS = (
					"$(inherited)",
					"@executable_path/Frameworks",
				);
				MARKETING_VERSION = 1.0;
				PRODUCT_BUNDLE_IDENTIFIER = com.morteza.NewsApp;
				PRODUCT_NAME = "$(TARGET_NAME)";
				SWIFT_EMIT_LOC_STRINGS = YES;
				SWIFT_VERSION = 5.0;
				TARGETED_DEVICE_FAMILY = "1,2";
			};
			name = Release;
		};
		72070E482808074800D9F345 /* Debug */ = {
			isa = XCBuildConfiguration;
			buildSettings = {
				ALWAYS_EMBED_SWIFT_STANDARD_LIBRARIES = YES;
				BUNDLE_LOADER = "$(TEST_HOST)";
				CODE_SIGN_STYLE = Automatic;
				CURRENT_PROJECT_VERSION = 1;
				DEVELOPMENT_TEAM = 3A83C749KK;
				GENERATE_INFOPLIST_FILE = YES;
				IPHONEOS_DEPLOYMENT_TARGET = 15.2;
				MARKETING_VERSION = 1.0;
				PRODUCT_BUNDLE_IDENTIFIER = com.morteza.NewsAppTests;
				PRODUCT_NAME = "$(TARGET_NAME)";
				SWIFT_EMIT_LOC_STRINGS = NO;
				SWIFT_VERSION = 5.0;
				TARGETED_DEVICE_FAMILY = "1,2";
				TEST_HOST = "$(BUILT_PRODUCTS_DIR)/NewsApp.app/NewsApp";
			};
			name = Debug;
		};
		72070E492808074800D9F345 /* Release */ = {
			isa = XCBuildConfiguration;
			buildSettings = {
				ALWAYS_EMBED_SWIFT_STANDARD_LIBRARIES = YES;
				BUNDLE_LOADER = "$(TEST_HOST)";
				CODE_SIGN_STYLE = Automatic;
				CURRENT_PROJECT_VERSION = 1;
				DEVELOPMENT_TEAM = 3A83C749KK;
				GENERATE_INFOPLIST_FILE = YES;
				IPHONEOS_DEPLOYMENT_TARGET = 15.2;
				MARKETING_VERSION = 1.0;
				PRODUCT_BUNDLE_IDENTIFIER = com.morteza.NewsAppTests;
				PRODUCT_NAME = "$(TARGET_NAME)";
				SWIFT_EMIT_LOC_STRINGS = NO;
				SWIFT_VERSION = 5.0;
				TARGETED_DEVICE_FAMILY = "1,2";
				TEST_HOST = "$(BUILT_PRODUCTS_DIR)/NewsApp.app/NewsApp";
			};
			name = Release;
		};
		72070E4B2808074800D9F345 /* Debug */ = {
			isa = XCBuildConfiguration;
			buildSettings = {
				ALWAYS_EMBED_SWIFT_STANDARD_LIBRARIES = YES;
				CODE_SIGN_STYLE = Automatic;
				CURRENT_PROJECT_VERSION = 1;
				DEVELOPMENT_TEAM = 3A83C749KK;
				GENERATE_INFOPLIST_FILE = YES;
				MARKETING_VERSION = 1.0;
				PRODUCT_BUNDLE_IDENTIFIER = com.morteza.NewsAppUITests;
				PRODUCT_NAME = "$(TARGET_NAME)";
				SWIFT_EMIT_LOC_STRINGS = NO;
				SWIFT_VERSION = 5.0;
				TARGETED_DEVICE_FAMILY = "1,2";
				TEST_TARGET_NAME = NewsApp;
			};
			name = Debug;
		};
		72070E4C2808074800D9F345 /* Release */ = {
			isa = XCBuildConfiguration;
			buildSettings = {
				ALWAYS_EMBED_SWIFT_STANDARD_LIBRARIES = YES;
				CODE_SIGN_STYLE = Automatic;
				CURRENT_PROJECT_VERSION = 1;
				DEVELOPMENT_TEAM = 3A83C749KK;
				GENERATE_INFOPLIST_FILE = YES;
				MARKETING_VERSION = 1.0;
				PRODUCT_BUNDLE_IDENTIFIER = com.morteza.NewsAppUITests;
				PRODUCT_NAME = "$(TARGET_NAME)";
				SWIFT_EMIT_LOC_STRINGS = NO;
				SWIFT_VERSION = 5.0;
				TARGETED_DEVICE_FAMILY = "1,2";
				TEST_TARGET_NAME = NewsApp;
			};
			name = Release;
		};
/* End XCBuildConfiguration section */

/* Begin XCConfigurationList section */
		72070E152808074600D9F345 /* Build configuration list for PBXProject "NewsApp" */ = {
			isa = XCConfigurationList;
			buildConfigurations = (
				72070E422808074800D9F345 /* Debug */,
				72070E432808074800D9F345 /* Release */,
			);
			defaultConfigurationIsVisible = 0;
			defaultConfigurationName = Release;
		};
		72070E442808074800D9F345 /* Build configuration list for PBXNativeTarget "NewsApp" */ = {
			isa = XCConfigurationList;
			buildConfigurations = (
				72070E452808074800D9F345 /* Debug */,
				72070E462808074800D9F345 /* Release */,
			);
			defaultConfigurationIsVisible = 0;
			defaultConfigurationName = Release;
		};
		72070E472808074800D9F345 /* Build configuration list for PBXNativeTarget "NewsAppTests" */ = {
			isa = XCConfigurationList;
			buildConfigurations = (
				72070E482808074800D9F345 /* Debug */,
				72070E492808074800D9F345 /* Release */,
			);
			defaultConfigurationIsVisible = 0;
			defaultConfigurationName = Release;
		};
		72070E4A2808074800D9F345 /* Build configuration list for PBXNativeTarget "NewsAppUITests" */ = {
			isa = XCConfigurationList;
			buildConfigurations = (
				72070E4B2808074800D9F345 /* Debug */,
				72070E4C2808074800D9F345 /* Release */,
			);
			defaultConfigurationIsVisible = 0;
			defaultConfigurationName = Release;
		};
/* End XCConfigurationList section */
	};
	rootObject = 72070E122808074600D9F345 /* Project object */;
}
